// !$*UTF8*$!
{
	archiveVersion = 1;
	classes = {
	};
	objectVersion = 46;
	objects = {

/* Begin PBXBuildFile section */
		C622B6E91B13F8F700F8BF14 /* AppDelegate.swift in Sources */ = {isa = PBXBuildFile; fileRef = C622B6E81B13F8F700F8BF14 /* AppDelegate.swift */; };
		C622B6EC1B13F8F700F8BF14 /* Formal_Wear.xcdatamodeld in Sources */ = {isa = PBXBuildFile; fileRef = C622B6EA1B13F8F700F8BF14 /* Formal_Wear.xcdatamodeld */; };
		C622B6EE1B13F8F700F8BF14 /* ViewController.swift in Sources */ = {isa = PBXBuildFile; fileRef = C622B6ED1B13F8F700F8BF14 /* ViewController.swift */; };
		C622B6F11B13F8F700F8BF14 /* Main.storyboard in Resources */ = {isa = PBXBuildFile; fileRef = C622B6EF1B13F8F700F8BF14 /* Main.storyboard */; };
		C622B6F31B13F8F700F8BF14 /* Images.xcassets in Resources */ = {isa = PBXBuildFile; fileRef = C622B6F21B13F8F700F8BF14 /* Images.xcassets */; };
		C622B6F61B13F8F700F8BF14 /* LaunchScreen.xib in Resources */ = {isa = PBXBuildFile; fileRef = C622B6F41B13F8F700F8BF14 /* LaunchScreen.xib */; };
		C622B7021B13F8F700F8BF14 /* Formal_WearTests.swift in Sources */ = {isa = PBXBuildFile; fileRef = C622B7011B13F8F700F8BF14 /* Formal_WearTests.swift */; };
		C622B70C1B13FAC700F8BF14 /* AddressBook.framework in Frameworks */ = {isa = PBXBuildFile; fileRef = C622B70B1B13FAC700F8BF14 /* AddressBook.framework */; };
		C622B70E1B13FCB100F8BF14 /* Dress.swift in Sources */ = {isa = PBXBuildFile; fileRef = C622B70D1B13FCB100F8BF14 /* Dress.swift */; };
		C622B7101B13FF4000F8BF14 /* ListViewController.swift in Sources */ = {isa = PBXBuildFile; fileRef = C622B70F1B13FF4000F8BF14 /* ListViewController.swift */; };
		C622B7121B1676A600F8BF14 /* Parse.framework in Frameworks */ = {isa = PBXBuildFile; fileRef = C622B7111B1676A600F8BF14 /* Parse.framework */; };
		C622B7141B16949A00F8BF14 /* AudioToolbox.framework in Frameworks */ = {isa = PBXBuildFile; fileRef = C622B7131B16949A00F8BF14 /* AudioToolbox.framework */; };
		C622B7161B1694A400F8BF14 /* CFNetwork.framework in Frameworks */ = {isa = PBXBuildFile; fileRef = C622B7151B1694A400F8BF14 /* CFNetwork.framework */; };
		C622B7181B1694B000F8BF14 /* CoreGraphics.framework in Frameworks */ = {isa = PBXBuildFile; fileRef = C622B7171B1694B000F8BF14 /* CoreGraphics.framework */; };
		C622B71A1B1694BF00F8BF14 /* MobileCoreServices.framework in Frameworks */ = {isa = PBXBuildFile; fileRef = C622B7191B1694BF00F8BF14 /* MobileCoreServices.framework */; };
		C622B71C1B1694CA00F8BF14 /* CoreLocation.framework in Frameworks */ = {isa = PBXBuildFile; fileRef = C622B71B1B1694CA00F8BF14 /* CoreLocation.framework */; };
		C622B71E1B1694D500F8BF14 /* QuartzCore.framework in Frameworks */ = {isa = PBXBuildFile; fileRef = C622B71D1B1694D500F8BF14 /* QuartzCore.framework */; };
		C622B7201B1694E000F8BF14 /* Security.framework in Frameworks */ = {isa = PBXBuildFile; fileRef = C622B71F1B1694E000F8BF14 /* Security.framework */; };
		C622B7221B1694EA00F8BF14 /* StoreKit.framework in Frameworks */ = {isa = PBXBuildFile; fileRef = C622B7211B1694EA00F8BF14 /* StoreKit.framework */; };
		C622B7241B1694F700F8BF14 /* SystemConfiguration.framework in Frameworks */ = {isa = PBXBuildFile; fileRef = C622B7231B1694F700F8BF14 /* SystemConfiguration.framework */; };
		C622B7261B16951100F8BF14 /* libz.dylib in Frameworks */ = {isa = PBXBuildFile; fileRef = C622B7251B16951100F8BF14 /* libz.dylib */; };
		C622B7281B16952000F8BF14 /* libsqlite3.dylib in Frameworks */ = {isa = PBXBuildFile; fileRef = C622B7271B16952000F8BF14 /* libsqlite3.dylib */; };
		C622B72A1B1695B400F8BF14 /* Bolts.framework in Frameworks */ = {isa = PBXBuildFile; fileRef = C622B7291B1695B400F8BF14 /* Bolts.framework */; };
/* End PBXBuildFile section */

/* Begin PBXContainerItemProxy section */
		C622B6FC1B13F8F700F8BF14 /* PBXContainerItemProxy */ = {
			isa = PBXContainerItemProxy;
			containerPortal = C622B6DB1B13F8F700F8BF14 /* Project object */;
			proxyType = 1;
			remoteGlobalIDString = C622B6E21B13F8F700F8BF14;
			remoteInfo = "Formal Wear";
		};
/* End PBXContainerItemProxy section */

/* Begin PBXFileReference section */
		C622B6E31B13F8F700F8BF14 /* Formal Wear.app */ = {isa = PBXFileReference; explicitFileType = wrapper.application; includeInIndex = 0; path = "Formal Wear.app"; sourceTree = BUILT_PRODUCTS_DIR; };
		C622B6E71B13F8F700F8BF14 /* Info.plist */ = {isa = PBXFileReference; lastKnownFileType = text.plist.xml; path = Info.plist; sourceTree = "<group>"; };
		C622B6E81B13F8F700F8BF14 /* AppDelegate.swift */ = {isa = PBXFileReference; lastKnownFileType = sourcecode.swift; path = AppDelegate.swift; sourceTree = "<group>"; };
		C622B6EB1B13F8F700F8BF14 /* Formal_Wear.xcdatamodel */ = {isa = PBXFileReference; lastKnownFileType = wrapper.xcdatamodel; path = Formal_Wear.xcdatamodel; sourceTree = "<group>"; };
		C622B6ED1B13F8F700F8BF14 /* ViewController.swift */ = {isa = PBXFileReference; lastKnownFileType = sourcecode.swift; path = ViewController.swift; sourceTree = "<group>"; };
		C622B6F01B13F8F700F8BF14 /* Base */ = {isa = PBXFileReference; lastKnownFileType = file.storyboard; name = Base; path = Base.lproj/Main.storyboard; sourceTree = "<group>"; };
		C622B6F21B13F8F700F8BF14 /* Images.xcassets */ = {isa = PBXFileReference; lastKnownFileType = folder.assetcatalog; path = Images.xcassets; sourceTree = "<group>"; };
		C622B6F51B13F8F700F8BF14 /* Base */ = {isa = PBXFileReference; lastKnownFileType = file.xib; name = Base; path = Base.lproj/LaunchScreen.xib; sourceTree = "<group>"; };
		C622B6FB1B13F8F700F8BF14 /* Formal WearTests.xctest */ = {isa = PBXFileReference; explicitFileType = wrapper.cfbundle; includeInIndex = 0; path = "Formal WearTests.xctest"; sourceTree = BUILT_PRODUCTS_DIR; };
		C622B7001B13F8F700F8BF14 /* Info.plist */ = {isa = PBXFileReference; lastKnownFileType = text.plist.xml; path = Info.plist; sourceTree = "<group>"; };
		C622B7011B13F8F700F8BF14 /* Formal_WearTests.swift */ = {isa = PBXFileReference; lastKnownFileType = sourcecode.swift; path = Formal_WearTests.swift; sourceTree = "<group>"; };
		C622B70B1B13FAC700F8BF14 /* AddressBook.framework */ = {isa = PBXFileReference; lastKnownFileType = wrapper.framework; name = AddressBook.framework; path = System/Library/Frameworks/AddressBook.framework; sourceTree = SDKROOT; };
		C622B70D1B13FCB100F8BF14 /* Dress.swift */ = {isa = PBXFileReference; fileEncoding = 4; lastKnownFileType = sourcecode.swift; path = Dress.swift; sourceTree = "<group>"; };
		C622B70F1B13FF4000F8BF14 /* ListViewController.swift */ = {isa = PBXFileReference; fileEncoding = 4; lastKnownFileType = sourcecode.swift; path = ListViewController.swift; sourceTree = "<group>"; };
		C622B7111B1676A600F8BF14 /* Parse.framework */ = {isa = PBXFileReference; lastKnownFileType = wrapper.framework; path = Parse.framework; sourceTree = "<group>"; };
		C622B7131B16949A00F8BF14 /* AudioToolbox.framework */ = {isa = PBXFileReference; lastKnownFileType = wrapper.framework; name = AudioToolbox.framework; path = System/Library/Frameworks/AudioToolbox.framework; sourceTree = SDKROOT; };
		C622B7151B1694A400F8BF14 /* CFNetwork.framework */ = {isa = PBXFileReference; lastKnownFileType = wrapper.framework; name = CFNetwork.framework; path = System/Library/Frameworks/CFNetwork.framework; sourceTree = SDKROOT; };
		C622B7171B1694B000F8BF14 /* CoreGraphics.framework */ = {isa = PBXFileReference; lastKnownFileType = wrapper.framework; name = CoreGraphics.framework; path = System/Library/Frameworks/CoreGraphics.framework; sourceTree = SDKROOT; };
		C622B7191B1694BF00F8BF14 /* MobileCoreServices.framework */ = {isa = PBXFileReference; lastKnownFileType = wrapper.framework; name = MobileCoreServices.framework; path = System/Library/Frameworks/MobileCoreServices.framework; sourceTree = SDKROOT; };
		C622B71B1B1694CA00F8BF14 /* CoreLocation.framework */ = {isa = PBXFileReference; lastKnownFileType = wrapper.framework; name = CoreLocation.framework; path = System/Library/Frameworks/CoreLocation.framework; sourceTree = SDKROOT; };
		C622B71D1B1694D500F8BF14 /* QuartzCore.framework */ = {isa = PBXFileReference; lastKnownFileType = wrapper.framework; name = QuartzCore.framework; path = System/Library/Frameworks/QuartzCore.framework; sourceTree = SDKROOT; };
		C622B71F1B1694E000F8BF14 /* Security.framework */ = {isa = PBXFileReference; lastKnownFileType = wrapper.framework; name = Security.framework; path = System/Library/Frameworks/Security.framework; sourceTree = SDKROOT; };
		C622B7211B1694EA00F8BF14 /* StoreKit.framework */ = {isa = PBXFileReference; lastKnownFileType = wrapper.framework; name = StoreKit.framework; path = System/Library/Frameworks/StoreKit.framework; sourceTree = SDKROOT; };
		C622B7231B1694F700F8BF14 /* SystemConfiguration.framework */ = {isa = PBXFileReference; lastKnownFileType = wrapper.framework; name = SystemConfiguration.framework; path = System/Library/Frameworks/SystemConfiguration.framework; sourceTree = SDKROOT; };
		C622B7251B16951100F8BF14 /* libz.dylib */ = {isa = PBXFileReference; lastKnownFileType = "compiled.mach-o.dylib"; name = libz.dylib; path = usr/lib/libz.dylib; sourceTree = SDKROOT; };
		C622B7271B16952000F8BF14 /* libsqlite3.dylib */ = {isa = PBXFileReference; lastKnownFileType = "compiled.mach-o.dylib"; name = libsqlite3.dylib; path = usr/lib/libsqlite3.dylib; sourceTree = SDKROOT; };
		C622B7291B1695B400F8BF14 /* Bolts.framework */ = {isa = PBXFileReference; lastKnownFileType = wrapper.framework; name = Bolts.framework; path = "Formal Wear.xcodeproj/Bolts.framework"; sourceTree = "<group>"; };
/* End PBXFileReference section */

/* Begin PBXFrameworksBuildPhase section */
		C622B6E01B13F8F700F8BF14 /* Frameworks */ = {
			isa = PBXFrameworksBuildPhase;
			buildActionMask = 2147483647;
			files = (
				C622B72A1B1695B400F8BF14 /* Bolts.framework in Frameworks */,
				C622B7281B16952000F8BF14 /* libsqlite3.dylib in Frameworks */,
				C622B7261B16951100F8BF14 /* libz.dylib in Frameworks */,
				C622B7241B1694F700F8BF14 /* SystemConfiguration.framework in Frameworks */,
				C622B7221B1694EA00F8BF14 /* StoreKit.framework in Frameworks */,
				C622B7201B1694E000F8BF14 /* Security.framework in Frameworks */,
				C622B71E1B1694D500F8BF14 /* QuartzCore.framework in Frameworks */,
				C622B71C1B1694CA00F8BF14 /* CoreLocation.framework in Frameworks */,
				C622B71A1B1694BF00F8BF14 /* MobileCoreServices.framework in Frameworks */,
				C622B7181B1694B000F8BF14 /* CoreGraphics.framework in Frameworks */,
				C622B7161B1694A400F8BF14 /* CFNetwork.framework in Frameworks */,
				C622B7141B16949A00F8BF14 /* AudioToolbox.framework in Frameworks */,
				C622B7121B1676A600F8BF14 /* Parse.framework in Frameworks */,
				C622B70C1B13FAC700F8BF14 /* AddressBook.framework in Frameworks */,
			);
			runOnlyForDeploymentPostprocessing = 0;
		};
		C622B6F81B13F8F700F8BF14 /* Frameworks */ = {
			isa = PBXFrameworksBuildPhase;
			buildActionMask = 2147483647;
			files = (
			);
			runOnlyForDeploymentPostprocessing = 0;
		};
/* End PBXFrameworksBuildPhase section */

/* Begin PBXGroup section */
		C622B6DA1B13F8F700F8BF14 = {
			isa = PBXGroup;
			children = (
				C622B7291B1695B400F8BF14 /* Bolts.framework */,
				C622B7271B16952000F8BF14 /* libsqlite3.dylib */,
				C622B7251B16951100F8BF14 /* libz.dylib */,
				C622B7231B1694F700F8BF14 /* SystemConfiguration.framework */,
				C622B7211B1694EA00F8BF14 /* StoreKit.framework */,
				C622B71F1B1694E000F8BF14 /* Security.framework */,
				C622B71D1B1694D500F8BF14 /* QuartzCore.framework */,
				C622B71B1B1694CA00F8BF14 /* CoreLocation.framework */,
				C622B7191B1694BF00F8BF14 /* MobileCoreServices.framework */,
				C622B7171B1694B000F8BF14 /* CoreGraphics.framework */,
				C622B7151B1694A400F8BF14 /* CFNetwork.framework */,
				C622B7131B16949A00F8BF14 /* AudioToolbox.framework */,
				C622B7111B1676A600F8BF14 /* Parse.framework */,
				C622B70B1B13FAC700F8BF14 /* AddressBook.framework */,
				C622B6E51B13F8F700F8BF14 /* Formal Wear */,
				C622B6FE1B13F8F700F8BF14 /* Formal WearTests */,
				C622B6E41B13F8F700F8BF14 /* Products */,
			);
			sourceTree = "<group>";
		};
		C622B6E41B13F8F700F8BF14 /* Products */ = {
			isa = PBXGroup;
			children = (
				C622B6E31B13F8F700F8BF14 /* Formal Wear.app */,
				C622B6FB1B13F8F700F8BF14 /* Formal WearTests.xctest */,
			);
			name = Products;
			sourceTree = "<group>";
		};
		C622B6E51B13F8F700F8BF14 /* Formal Wear */ = {
			isa = PBXGroup;
			children = (
				C622B6E81B13F8F700F8BF14 /* AppDelegate.swift */,
				C622B6ED1B13F8F700F8BF14 /* ViewController.swift */,
				C622B70F1B13FF4000F8BF14 /* ListViewController.swift */,
				C622B6EF1B13F8F700F8BF14 /* Main.storyboard */,
				C622B70D1B13FCB100F8BF14 /* Dress.swift */,
				C622B6F21B13F8F700F8BF14 /* Images.xcassets */,
				C622B6F41B13F8F700F8BF14 /* LaunchScreen.xib */,
				C622B6EA1B13F8F700F8BF14 /* Formal_Wear.xcdatamodeld */,
				C622B6E61B13F8F700F8BF14 /* Supporting Files */,
			);
			path = "Formal Wear";
			sourceTree = "<group>";
		};
		C622B6E61B13F8F700F8BF14 /* Supporting Files */ = {
			isa = PBXGroup;
			children = (
				C622B6E71B13F8F700F8BF14 /* Info.plist */,
			);
			name = "Supporting Files";
			sourceTree = "<group>";
		};
		C622B6FE1B13F8F700F8BF14 /* Formal WearTests */ = {
			isa = PBXGroup;
			children = (
				C622B7011B13F8F700F8BF14 /* Formal_WearTests.swift */,
				C622B6FF1B13F8F700F8BF14 /* Supporting Files */,
			);
			path = "Formal WearTests";
			sourceTree = "<group>";
		};
		C622B6FF1B13F8F700F8BF14 /* Supporting Files */ = {
			isa = PBXGroup;
			children = (
				C622B7001B13F8F700F8BF14 /* Info.plist */,
			);
			name = "Supporting Files";
			sourceTree = "<group>";
		};
/* End PBXGroup section */

/* Begin PBXNativeTarget section */
		C622B6E21B13F8F700F8BF14 /* Formal Wear */ = {
			isa = PBXNativeTarget;
			buildConfigurationList = C622B7051B13F8F700F8BF14 /* Build configuration list for PBXNativeTarget "Formal Wear" */;
			buildPhases = (
				C622B6DF1B13F8F700F8BF14 /* Sources */,
				C622B6E01B13F8F700F8BF14 /* Frameworks */,
				C622B6E11B13F8F700F8BF14 /* Resources */,
			);
			buildRules = (
			);
			dependencies = (
			);
			name = "Formal Wear";
			productName = "Formal Wear";
			productReference = C622B6E31B13F8F700F8BF14 /* Formal Wear.app */;
			productType = "com.apple.product-type.application";
		};
		C622B6FA1B13F8F700F8BF14 /* Formal WearTests */ = {
			isa = PBXNativeTarget;
			buildConfigurationList = C622B7081B13F8F700F8BF14 /* Build configuration list for PBXNativeTarget "Formal WearTests" */;
			buildPhases = (
				C622B6F71B13F8F700F8BF14 /* Sources */,
				C622B6F81B13F8F700F8BF14 /* Frameworks */,
				C622B6F91B13F8F700F8BF14 /* Resources */,
			);
			buildRules = (
			);
			dependencies = (
				C622B6FD1B13F8F700F8BF14 /* PBXTargetDependency */,
			);
			name = "Formal WearTests";
			productName = "Formal WearTests";
			productReference = C622B6FB1B13F8F700F8BF14 /* Formal WearTests.xctest */;
			productType = "com.apple.product-type.bundle.unit-test";
		};
/* End PBXNativeTarget section */

/* Begin PBXProject section */
		C622B6DB1B13F8F700F8BF14 /* Project object */ = {
			isa = PBXProject;
			attributes = {
				LastUpgradeCheck = 0630;
				ORGANIZATIONNAME = "John Bergeson";
				TargetAttributes = {
					C622B6E21B13F8F700F8BF14 = {
						CreatedOnToolsVersion = 6.3.2;
					};
					C622B6FA1B13F8F700F8BF14 = {
						CreatedOnToolsVersion = 6.3.2;
						TestTargetID = C622B6E21B13F8F700F8BF14;
					};
				};
			};
			buildConfigurationList = C622B6DE1B13F8F700F8BF14 /* Build configuration list for PBXProject "Formal Wear" */;
			compatibilityVersion = "Xcode 3.2";
			developmentRegion = English;
			hasScannedForEncodings = 0;
			knownRegions = (
				en,
				Base,
			);
			mainGroup = C622B6DA1B13F8F700F8BF14;
			productRefGroup = C622B6E41B13F8F700F8BF14 /* Products */;
			projectDirPath = "";
			projectRoot = "";
			targets = (
				C622B6E21B13F8F700F8BF14 /* Formal Wear */,
				C622B6FA1B13F8F700F8BF14 /* Formal WearTests */,
			);
		};
/* End PBXProject section */

/* Begin PBXResourcesBuildPhase section */
		C622B6E11B13F8F700F8BF14 /* Resources */ = {
			isa = PBXResourcesBuildPhase;
			buildActionMask = 2147483647;
			files = (
				C622B6F11B13F8F700F8BF14 /* Main.storyboard in Resources */,
				C622B6F61B13F8F700F8BF14 /* LaunchScreen.xib in Resources */,
				C622B6F31B13F8F700F8BF14 /* Images.xcassets in Resources */,
			);
			runOnlyForDeploymentPostprocessing = 0;
		};
		C622B6F91B13F8F700F8BF14 /* Resources */ = {
			isa = PBXResourcesBuildPhase;
			buildActionMask = 2147483647;
			files = (
			);
			runOnlyForDeploymentPostprocessing = 0;
		};
/* End PBXResourcesBuildPhase section */

/* Begin PBXSourcesBuildPhase section */
		C622B6DF1B13F8F700F8BF14 /* Sources */ = {
			isa = PBXSourcesBuildPhase;
			buildActionMask = 2147483647;
			files = (
				C622B6EE1B13F8F700F8BF14 /* ViewController.swift in Sources */,
				C622B6E91B13F8F700F8BF14 /* AppDelegate.swift in Sources */,
				C622B6EC1B13F8F700F8BF14 /* Formal_Wear.xcdatamodeld in Sources */,
				C622B7101B13FF4000F8BF14 /* ListViewController.swift in Sources */,
				C622B70E1B13FCB100F8BF14 /* Dress.swift in Sources */,
			);
			runOnlyForDeploymentPostprocessing = 0;
		};
		C622B6F71B13F8F700F8BF14 /* Sources */ = {
			isa = PBXSourcesBuildPhase;
			buildActionMask = 2147483647;
			files = (
				C622B7021B13F8F700F8BF14 /* Formal_WearTests.swift in Sources */,
			);
			runOnlyForDeploymentPostprocessing = 0;
		};
/* End PBXSourcesBuildPhase section */

/* Begin PBXTargetDependency section */
		C622B6FD1B13F8F700F8BF14 /* PBXTargetDependency */ = {
			isa = PBXTargetDependency;
			target = C622B6E21B13F8F700F8BF14 /* Formal Wear */;
			targetProxy = C622B6FC1B13F8F700F8BF14 /* PBXContainerItemProxy */;
		};
/* End PBXTargetDependency section */

/* Begin PBXVariantGroup section */
		C622B6EF1B13F8F700F8BF14 /* Main.storyboard */ = {
			isa = PBXVariantGroup;
			children = (
				C622B6F01B13F8F700F8BF14 /* Base */,
			);
			name = Main.storyboard;
			sourceTree = "<group>";
		};
		C622B6F41B13F8F700F8BF14 /* LaunchScreen.xib */ = {
			isa = PBXVariantGroup;
			children = (
				C622B6F51B13F8F700F8BF14 /* Base */,
			);
			name = LaunchScreen.xib;
			sourceTree = "<group>";
		};
/* End PBXVariantGroup section */

/* Begin XCBuildConfiguration section */
		C622B7031B13F8F700F8BF14 /* Debug */ = {
			isa = XCBuildConfiguration;
			buildSettings = {
				ALWAYS_SEARCH_USER_PATHS = NO;
				CLANG_CXX_LANGUAGE_STANDARD = "gnu++0x";
				CLANG_CXX_LIBRARY = "libc++";
				CLANG_ENABLE_MODULES = YES;
				CLANG_ENABLE_OBJC_ARC = YES;
				CLANG_WARN_BOOL_CONVERSION = YES;
				CLANG_WARN_CONSTANT_CONVERSION = YES;
				CLANG_WARN_DIRECT_OBJC_ISA_USAGE = YES_ERROR;
				CLANG_WARN_EMPTY_BODY = YES;
				CLANG_WARN_ENUM_CONVERSION = YES;
				CLANG_WARN_INT_CONVERSION = YES;
				CLANG_WARN_OBJC_ROOT_CLASS = YES_ERROR;
				CLANG_WARN_UNREACHABLE_CODE = YES;
				CLANG_WARN__DUPLICATE_METHOD_MATCH = YES;
				"CODE_SIGN_IDENTITY[sdk=iphoneos*]" = "iPhone Developer";
				COPY_PHASE_STRIP = NO;
				DEBUG_INFORMATION_FORMAT = "dwarf-with-dsym";
				ENABLE_STRICT_OBJC_MSGSEND = YES;
				GCC_C_LANGUAGE_STANDARD = gnu99;
				GCC_DYNAMIC_NO_PIC = NO;
				GCC_NO_COMMON_BLOCKS = YES;
				GCC_OPTIMIZATION_LEVEL = 0;
				GCC_PREPROCESSOR_DEFINITIONS = (
					"DEBUG=1",
					"$(inherited)",
				);
				GCC_SYMBOLS_PRIVATE_EXTERN = NO;
				GCC_WARN_64_TO_32_BIT_CONVERSION = YES;
				GCC_WARN_ABOUT_RETURN_TYPE = YES_ERROR;
				GCC_WARN_UNDECLARED_SELECTOR = YES;
				GCC_WARN_UNINITIALIZED_AUTOS = YES_AGGRESSIVE;
				GCC_WARN_UNUSED_FUNCTION = YES;
				GCC_WARN_UNUSED_VARIABLE = YES;
				IPHONEOS_DEPLOYMENT_TARGET = 8.3;
				MTL_ENABLE_DEBUG_INFO = YES;
				ONLY_ACTIVE_ARCH = YES;
				SDKROOT = iphoneos;
				SWIFT_OPTIMIZATION_LEVEL = "-Onone";
			};
			name = Debug;
		};
		C622B7041B13F8F700F8BF14 /* Release */ = {
			isa = XCBuildConfiguration;
			buildSettings = {
				ALWAYS_SEARCH_USER_PATHS = NO;
				CLANG_CXX_LANGUAGE_STANDARD = "gnu++0x";
				CLANG_CXX_LIBRARY = "libc++";
				CLANG_ENABLE_MODULES = YES;
				CLANG_ENABLE_OBJC_ARC = YES;
				CLANG_WARN_BOOL_CONVERSION = YES;
				CLANG_WARN_CONSTANT_CONVERSION = YES;
				CLANG_WARN_DIRECT_OBJC_ISA_USAGE = YES_ERROR;
				CLANG_WARN_EMPTY_BODY = YES;
				CLANG_WARN_ENUM_CONVERSION = YES;
				CLANG_WARN_INT_CONVERSION = YES;
				CLANG_WARN_OBJC_ROOT_CLASS = YES_ERROR;
				CLANG_WARN_UNREACHABLE_CODE = YES;
				CLANG_WARN__DUPLICATE_METHOD_MATCH = YES;
				"CODE_SIGN_IDENTITY[sdk=iphoneos*]" = "iPhone Developer";
				COPY_PHASE_STRIP = NO;
				DEBUG_INFORMATION_FORMAT = "dwarf-with-dsym";
				ENABLE_NS_ASSERTIONS = NO;
				ENABLE_STRICT_OBJC_MSGSEND = YES;
				GCC_C_LANGUAGE_STANDARD = gnu99;
				GCC_NO_COMMON_BLOCKS = YES;
				GCC_WARN_64_TO_32_BIT_CONVERSION = YES;
				GCC_WARN_ABOUT_RETURN_TYPE = YES_ERROR;
				GCC_WARN_UNDECLARED_SELECTOR = YES;
				GCC_WARN_UNINITIALIZED_AUTOS = YES_AGGRESSIVE;
				GCC_WARN_UNUSED_FUNCTION = YES;
				GCC_WARN_UNUSED_VARIABLE = YES;
				IPHONEOS_DEPLOYMENT_TARGET = 8.3;
				MTL_ENABLE_DEBUG_INFO = NO;
				SDKROOT = iphoneos;
				VALIDATE_PRODUCT = YES;
			};
			name = Release;
		};
		C622B7061B13F8F700F8BF14 /* Debug */ = {
			isa = XCBuildConfiguration;
			buildSettings = {
				ASSETCATALOG_COMPILER_APPICON_NAME = AppIcon;
				FRAMEWORK_SEARCH_PATHS = (
					"$(inherited)",
					"$(PROJECT_DIR)",
					"$(PROJECT_DIR)/Formal",
					Wear.xcodeproj,
				);
				INFOPLIST_FILE = "Formal Wear/Info.plist";
				LD_RUNPATH_SEARCH_PATHS = "$(inherited) @executable_path/Frameworks";
				PRODUCT_NAME = "$(TARGET_NAME)";
			};
			name = Debug;
		};
		C622B7071B13F8F700F8BF14 /* Release */ = {
			isa = XCBuildConfiguration;
			buildSettings = {
				ASSETCATALOG_COMPILER_APPICON_NAME = AppIcon;
				FRAMEWORK_SEARCH_PATHS = (
					"$(inherited)",
					"$(PROJECT_DIR)",
					"$(PROJECT_DIR)/Formal",
					Wear.xcodeproj,
				);
				INFOPLIST_FILE = "Formal Wear/Info.plist";
				LD_RUNPATH_SEARCH_PATHS = "$(inherited) @executable_path/Frameworks";
				PRODUCT_NAME = "$(TARGET_NAME)";
			};
			name = Release;
		};
		C622B7091B13F8F700F8BF14 /* Debug */ = {
			isa = XCBuildConfiguration;
			buildSettings = {
				BUNDLE_LOADER = "$(TEST_HOST)";
				FRAMEWORK_SEARCH_PATHS = (
					"$(SDKROOT)/Developer/Library/Frameworks",
					"$(inherited)",
				);
				GCC_PREPROCESSOR_DEFINITIONS = (
					"DEBUG=1",
					"$(inherited)",
				);
				INFOPLIST_FILE = "Formal WearTests/Info.plist";
				LD_RUNPATH_SEARCH_PATHS = "$(inherited) @executable_path/Frameworks @loader_path/Frameworks";
				PRODUCT_NAME = "$(TARGET_NAME)";
				TEST_HOST = "$(BUILT_PRODUCTS_DIR)/Formal Wear.app/Formal Wear";
			};
			name = Debug;
		};
		C622B70A1B13F8F700F8BF14 /* Release */ = {
			isa = XCBuildConfiguration;
			buildSettings = {
				BUNDLE_LOADER = "$(TEST_HOST)";
				FRAMEWORK_SEARCH_PATHS = (
					"$(SDKROOT)/Developer/Library/Frameworks",
					"$(inherited)",
				);
				INFOPLIST_FILE = "Formal WearTests/Info.plist";
				LD_RUNPATH_SEARCH_PATHS = "$(inherited) @executable_path/Frameworks @loader_path/Frameworks";
				PRODUCT_NAME = "$(TARGET_NAME)";
				TEST_HOST = "$(BUILT_PRODUCTS_DIR)/Formal Wear.app/Formal Wear";
			};
			name = Release;
		};
/* End XCBuildConfiguration section */

/* Begin XCConfigurationList section */
		C622B6DE1B13F8F700F8BF14 /* Build configuration list for PBXProject "Formal Wear" */ = {
			isa = XCConfigurationList;
			buildConfigurations = (
				C622B7031B13F8F700F8BF14 /* Debug */,
				C622B7041B13F8F700F8BF14 /* Release */,
			);
			defaultConfigurationIsVisible = 0;
			defaultConfigurationName = Release;
		};
		C622B7051B13F8F700F8BF14 /* Build configuration list for PBXNativeTarget "Formal Wear" */ = {
			isa = XCConfigurationList;
			buildConfigurations = (
				C622B7061B13F8F700F8BF14 /* Debug */,
				C622B7071B13F8F700F8BF14 /* Release */,
			);
			defaultConfigurationIsVisible = 0;
		};
		C622B7081B13F8F700F8BF14 /* Build configuration list for PBXNativeTarget "Formal WearTests" */ = {
			isa = XCConfigurationList;
			buildConfigurations = (
				C622B7091B13F8F700F8BF14 /* Debug */,
				C622B70A1B13F8F700F8BF14 /* Release */,
			);
			defaultConfigurationIsVisible = 0;
		};
/* End XCConfigurationList section */

/* Begin XCVersionGroup section */
		C622B6EA1B13F8F700F8BF14 /* Formal_Wear.xcdatamodeld */ = {
			isa = XCVersionGroup;
			children = (
				C622B6EB1B13F8F700F8BF14 /* Formal_Wear.xcdatamodel */,
			);
			currentVersion = C622B6EB1B13F8F700F8BF14 /* Formal_Wear.xcdatamodel */;
			path = Formal_Wear.xcdatamodeld;
			sourceTree = "<group>";
			versionGroupType = wrapper.xcdatamodel;
		};
/* End XCVersionGroup section */
	};
	rootObject = C622B6DB1B13F8F700F8BF14 /* Project object */;
}
